
Microsoft Visual Studio Solution File, Format Version 12.00
# Visual Studio Version 16
VisualStudioVersion = 16.0.31515.178
MinimumVisualStudioVersion = 10.0.40219.1
Project("{2150E333-8FDC-42A3-9474-1A3956D46DE8}") = "Libraries", "Libraries", "{69FA5BF1-2C7B-4289-B482-0E7F25D41748}"
EndProject
Project("{9A19103F-16F7-4668-BE54-9A1E7A4F7556}") = "Dev.Core", "Libraries\Dev.Core\Dev.Core.csproj", "{DBFF32A9-6E99-44CF-8FE6-69A8759BFA3B}"
EndProject
Project("{2150E333-8FDC-42A3-9474-1A3956D46DE8}") = "src", "src", "{2BCEB3B0-C3CA-4C6A-B413-FB5A7370A681}"
EndProject
Project("{9A19103F-16F7-4668-BE54-9A1E7A4F7556}") = "Dev.Mongo", "Libraries\Dev.Mongo\Dev.Mongo.csproj", "{267E415C-A177-4D76-A5AF-B4143E047732}"
EndProject
Project("{9A19103F-16F7-4668-BE54-9A1E7A4F7556}") = "Dev.Mssql", "Libraries\Dev.Mssql\Dev.Mssql.csproj", "{5E3F23A1-C88C-4338-AE47-90F148FBB362}"
EndProject
Project("{9A19103F-16F7-4668-BE54-9A1E7A4F7556}") = "Dev.Npgsql", "Libraries\Dev.Npgsql\Dev.Npgsql.csproj", "{22BB3EFA-0AEE-4E93-89CA-69F6F0504475}"
EndProject
Project("{2150E333-8FDC-42A3-9474-1A3956D46DE8}") = "Presentation", "Presentation", "{57BB0453-C17A-45EF-80B3-6F60F61A2F07}"
EndProject
Project("{FAE04EC0-301F-11D3-BF4B-00C04F79EFBC}") = "Dev.Framework", "Presentation\Dev.Framework\Dev.Framework.csproj", "{1C9B9C72-8451-420B-9AA1-0D1A6A17C19B}"
EndProject
Project("{2150E333-8FDC-42A3-9474-1A3956D46DE8}") = "Data", "Data", "{0C64D20C-6DF0-45B7-B539-9DE066A145BE}"
EndProject
Project("{2150E333-8FDC-42A3-9474-1A3956D46DE8}") = "Dto", "Dto", "{4F056C78-5586-4D84-A27E-1A8C312C03B6}"
EndProject
Project("{FAE04EC0-301F-11D3-BF4B-00C04F79EFBC}") = "Dev.Dto.Npgsql", "Libraries\Dto\Dev.Dto.Npgsql\Dev.Dto.Npgsql.csproj", "{45514F86-D585-4C0A-BA6C-EA6714AA9939}"
EndProject
Project("{9A19103F-16F7-4668-BE54-9A1E7A4F7556}") = "Dev.Data", "Libraries\Data\Dev.Data\Dev.Data.csproj", "{1C3CDD5A-23F3-44F0-98F6-695B200E702F}"
EndProject
Project("{9A19103F-16F7-4668-BE54-9A1E7A4F7556}") = "Dev.Data.Mongo", "Libraries\Data\Dev.Data.Mongo\Dev.Data.Mongo.csproj", "{95880CFE-667F-4845-B716-48284BAD0895}"
EndProject
Project("{9A19103F-16F7-4668-BE54-9A1E7A4F7556}") = "Dev.Data.Npgsql", "Libraries\Data\Dev.Data.Npgsql\Dev.Data.Npgsql.csproj", "{D23B35B8-6743-4DE1-992F-27C852FCBEDE}"
EndProject
Project("{FAE04EC0-301F-11D3-BF4B-00C04F79EFBC}") = "Dev.Dto.Mongo", "Libraries\Dto\Dev.Dto.Mongo\Dev.Dto.Mongo.csproj", "{76B1B0C0-5B6F-40A1-A3B7-DF0E05CEB091}"
EndProject
Project("{FAE04EC0-301F-11D3-BF4B-00C04F79EFBC}") = "Dev.Dto.Mssql", "Libraries\Dto\Dev.Dto.Mssql\Dev.Dto.Mssql.csproj", "{36DA7773-F2CD-4DA4-A059-02FD3F1AB7B1}"
EndProject
Project("{FAE04EC0-301F-11D3-BF4B-00C04F79EFBC}") = "Dev.Data.Mssql", "Libraries\Data\Dev.Data.Mssql\Dev.Data.Mssql.csproj", "{3FDCC0C7-89F7-4EDB-8928-A09F0E2A433B}"
EndProject
Global
	GlobalSection(SolutionConfigurationPlatforms) = preSolution
		Debug|Any CPU = Debug|Any CPU
		Release|Any CPU = Release|Any CPU
	EndGlobalSection
	GlobalSection(ProjectConfigurationPlatforms) = postSolution
		{DBFF32A9-6E99-44CF-8FE6-69A8759BFA3B}.Debug|Any CPU.ActiveCfg = Debug|Any CPU
		{DBFF32A9-6E99-44CF-8FE6-69A8759BFA3B}.Debug|Any CPU.Build.0 = Debug|Any CPU
		{DBFF32A9-6E99-44CF-8FE6-69A8759BFA3B}.Release|Any CPU.ActiveCfg = Release|Any CPU
		{DBFF32A9-6E99-44CF-8FE6-69A8759BFA3B}.Release|Any CPU.Build.0 = Release|Any CPU
		{267E415C-A177-4D76-A5AF-B4143E047732}.Debug|Any CPU.ActiveCfg = Debug|Any CPU
		{267E415C-A177-4D76-A5AF-B4143E047732}.Debug|Any CPU.Build.0 = Debug|Any CPU
		{267E415C-A177-4D76-A5AF-B4143E047732}.Release|Any CPU.ActiveCfg = Release|Any CPU
		{267E415C-A177-4D76-A5AF-B4143E047732}.Release|Any CPU.Build.0 = Release|Any CPU
		{5E3F23A1-C88C-4338-AE47-90F148FBB362}.Debug|Any CPU.ActiveCfg = Debug|Any CPU
		{5E3F23A1-C88C-4338-AE47-90F148FBB362}.Debug|Any CPU.Build.0 = Debug|Any CPU
		{5E3F23A1-C88C-4338-AE47-90F148FBB362}.Release|Any CPU.ActiveCfg = Release|Any CPU
		{5E3F23A1-C88C-4338-AE47-90F148FBB362}.Release|Any CPU.Build.0 = Release|Any CPU
		{22BB3EFA-0AEE-4E93-89CA-69F6F0504475}.Debug|Any CPU.ActiveCfg = Debug|Any CPU
		{22BB3EFA-0AEE-4E93-89CA-69F6F0504475}.Debug|Any CPU.Build.0 = Debug|Any CPU
		{22BB3EFA-0AEE-4E93-89CA-69F6F0504475}.Release|Any CPU.ActiveCfg = Release|Any CPU
		{22BB3EFA-0AEE-4E93-89CA-69F6F0504475}.Release|Any CPU.Build.0 = Release|Any CPU
		{1C9B9C72-8451-420B-9AA1-0D1A6A17C19B}.Debug|Any CPU.ActiveCfg = Debug|Any CPU
		{1C9B9C72-8451-420B-9AA1-0D1A6A17C19B}.Debug|Any CPU.Build.0 = Debug|Any CPU
		{1C9B9C72-8451-420B-9AA1-0D1A6A17C19B}.Release|Any CPU.ActiveCfg = Release|Any CPU
		{1C9B9C72-8451-420B-9AA1-0D1A6A17C19B}.Release|Any CPU.Build.0 = Release|Any CPU
		{45514F86-D585-4C0A-BA6C-EA6714AA9939}.Debug|Any CPU.ActiveCfg = Debug|Any CPU
		{45514F86-D585-4C0A-BA6C-EA6714AA9939}.Debug|Any CPU.Build.0 = Debug|Any CPU
		{45514F86-D585-4C0A-BA6C-EA6714AA9939}.Release|Any CPU.ActiveCfg = Release|Any CPU
		{45514F86-D585-4C0A-BA6C-EA6714AA9939}.Release|Any CPU.Build.0 = Release|Any CPU
		{1C3CDD5A-23F3-44F0-98F6-695B200E702F}.Debug|Any CPU.ActiveCfg = Debug|Any CPU
		{1C3CDD5A-23F3-44F0-98F6-695B200E702F}.Debug|Any CPU.Build.0 = Debug|Any CPU
		{1C3CDD5A-23F3-44F0-98F6-695B200E702F}.Release|Any CPU.ActiveCfg = Release|Any CPU
		{1C3CDD5A-23F3-44F0-98F6-695B200E702F}.Release|Any CPU.Build.0 = Release|Any CPU
		{95880CFE-667F-4845-B716-48284BAD0895}.Debug|Any CPU.ActiveCfg = Debug|Any CPU
		{95880CFE-667F-4845-B716-48284BAD0895}.Debug|Any CPU.Build.0 = Debug|Any CPU
		{95880CFE-667F-4845-B716-48284BAD0895}.Release|Any CPU.ActiveCfg = Release|Any CPU
		{95880CFE-667F-4845-B716-48284BAD0895}.Release|Any CPU.Build.0 = Release|Any CPU
		{D23B35B8-6743-4DE1-992F-27C852FCBEDE}.Debug|Any CPU.ActiveCfg = Debug|Any CPU
		{D23B35B8-6743-4DE1-992F-27C852FCBEDE}.Debug|Any CPU.Build.0 = Debug|Any CPU
		{D23B35B8-6743-4DE1-992F-27C852FCBEDE}.Release|Any CPU.ActiveCfg = Release|Any CPU
		{D23B35B8-6743-4DE1-992F-27C852FCBEDE}.Release|Any CPU.Build.0 = Release|Any CPU
		{76B1B0C0-5B6F-40A1-A3B7-DF0E05CEB091}.Debug|Any CPU.ActiveCfg = Debug|Any CPU
		{76B1B0C0-5B6F-40A1-A3B7-DF0E05CEB091}.Debug|Any CPU.Build.0 = Debug|Any CPU
		{76B1B0C0-5B6F-40A1-A3B7-DF0E05CEB091}.Release|Any CPU.ActiveCfg = Release|Any CPU
		{76B1B0C0-5B6F-40A1-A3B7-DF0E05CEB091}.Release|Any CPU.Build.0 = Release|Any CPU
		{36DA7773-F2CD-4DA4-A059-02FD3F1AB7B1}.Debug|Any CPU.ActiveCfg = Debug|Any CPU
		{36DA7773-F2CD-4DA4-A059-02FD3F1AB7B1}.Debug|Any CPU.Build.0 = Debug|Any CPU
		{36DA7773-F2CD-4DA4-A059-02FD3F1AB7B1}.Release|Any CPU.ActiveCfg = Release|Any CPU
		{36DA7773-F2CD-4DA4-A059-02FD3F1AB7B1}.Release|Any CPU.Build.0 = Release|Any CPU
		{3FDCC0C7-89F7-4EDB-8928-A09F0E2A433B}.Debug|Any CPU.ActiveCfg = Debug|Any CPU
		{3FDCC0C7-89F7-4EDB-8928-A09F0E2A433B}.Debug|Any CPU.Build.0 = Debug|Any CPU
		{3FDCC0C7-89F7-4EDB-8928-A09F0E2A433B}.Release|Any CPU.ActiveCfg = Release|Any CPU
		{3FDCC0C7-89F7-4EDB-8928-A09F0E2A433B}.Release|Any CPU.Build.0 = Release|Any CPU
	EndGlobalSection
	GlobalSection(SolutionProperties) = preSolution
		HideSolutionNode = FALSE
	EndGlobalSection
	GlobalSection(NestedProjects) = preSolution
		{69FA5BF1-2C7B-4289-B482-0E7F25D41748} = {2BCEB3B0-C3CA-4C6A-B413-FB5A7370A681}
		{DBFF32A9-6E99-44CF-8FE6-69A8759BFA3B} = {69FA5BF1-2C7B-4289-B482-0E7F25D41748}
		{267E415C-A177-4D76-A5AF-B4143E047732} = {69FA5BF1-2C7B-4289-B482-0E7F25D41748}
		{5E3F23A1-C88C-4338-AE47-90F148FBB362} = {69FA5BF1-2C7B-4289-B482-0E7F25D41748}
		{22BB3EFA-0AEE-4E93-89CA-69F6F0504475} = {69FA5BF1-2C7B-4289-B482-0E7F25D41748}
		{57BB0453-C17A-45EF-80B3-6F60F61A2F07} = {2BCEB3B0-C3CA-4C6A-B413-FB5A7370A681}
		{1C9B9C72-8451-420B-9AA1-0D1A6A17C19B} = {57BB0453-C17A-45EF-80B3-6F60F61A2F07}
		{0C64D20C-6DF0-45B7-B539-9DE066A145BE} = {69FA5BF1-2C7B-4289-B482-0E7F25D41748}
		{4F056C78-5586-4D84-A27E-1A8C312C03B6} = {69FA5BF1-2C7B-4289-B482-0E7F25D41748}
		{45514F86-D585-4C0A-BA6C-EA6714AA9939} = {4F056C78-5586-4D84-A27E-1A8C312C03B6}
		{1C3CDD5A-23F3-44F0-98F6-695B200E702F} = {0C64D20C-6DF0-45B7-B539-9DE066A145BE}
		{95880CFE-667F-4845-B716-48284BAD0895} = {0C64D20C-6DF0-45B7-B539-9DE066A145BE}
		{D23B35B8-6743-4DE1-992F-27C852FCBEDE} = {0C64D20C-6DF0-45B7-B539-9DE066A145BE}
		{76B1B0C0-5B6F-40A1-A3B7-DF0E05CEB091} = {4F056C78-5586-4D84-A27E-1A8C312C03B6}
		{36DA7773-F2CD-4DA4-A059-02FD3F1AB7B1} = {4F056C78-5586-4D84-A27E-1A8C312C03B6}
		{3FDCC0C7-89F7-4EDB-8928-A09F0E2A433B} = {0C64D20C-6DF0-45B7-B539-9DE066A145BE}
	EndGlobalSection
	GlobalSection(ExtensibilityGlobals) = postSolution
		SolutionGuid = {9EE3ED25-C1C9-4452-AEDD-DBC833CCE8F8}
	EndGlobalSection
EndGlobal
